{
  "name": "airflow-docker",
  "lockfileVersion": 2,
  "requires": true,
  "packages": {
    "": {
      "dependencies": {
        "airflow": "^0.0.4"
      }
    },
    "node_modules/airflow": {
      "version": "0.0.4",
      "resolved": "https://registry.npmjs.org/airflow/-/airflow-0.0.4.tgz",
      "integrity": "sha512-kEh7yS/gA0/F+zXjGJmpJfFEX898e4gQY9cLZoneGSZLpOuDlZob/TPBHv/PQD10jBvMgNkVKldZN6SMvTmaCQ=="
    }
  },
  "dependencies": {
    "airflow": {
      "version": "0.0.4",
      "resolved": "https://registry.npmjs.org/airflow/-/airflow-0.0.4.tgz",
      "integrity": "sha512-kEh7yS/gA0/F+zXjGJmpJfFEX898e4gQY9cLZoneGSZLpOuDlZob/TPBHv/PQD10jBvMgNkVKldZN6SMvTmaCQ=="
    }
  }
}
